
Microsoft Visual Studio Solution File, Format Version 12.00
# Visual Studio Version 16
VisualStudioVersion = 16.0.32602.291
MinimumVisualStudioVersion = 10.0.40219.1
Project("{FAE04EC0-301F-11D3-BF4B-00C04F79EFBC}") = "AppCitaMedica", "AppCitaMedica\AppCitaMedica.csproj", "{3854E1A6-508C-44EB-A4E4-4087B4C71232}"
EndProject
Global
	GlobalSection(SolutionConfigurationPlatforms) = preSolution
		Debug|Any CPU = Debug|Any CPU
		Release|Any CPU = Release|Any CPU
	EndGlobalSection
	GlobalSection(ProjectConfigurationPlatforms) = postSolution
		{3854E1A6-508C-44EB-A4E4-4087B4C71232}.Debug|Any CPU.ActiveCfg = Debug|Any CPU
		{3854E1A6-508C-44EB-A4E4-4087B4C71232}.Debug|Any CPU.Build.0 = Debug|Any CPU
		{3854E1A6-508C-44EB-A4E4-4087B4C71232}.Debug|Any CPU.Deploy.0 = Debug|Any CPU
		{3854E1A6-508C-44EB-A4E4-4087B4C71232}.Release|Any CPU.ActiveCfg = Release|Any CPU
		{3854E1A6-508C-44EB-A4E4-4087B4C71232}.Release|Any CPU.Build.0 = Release|Any CPU
		{3854E1A6-508C-44EB-A4E4-4087B4C71232}.Release|Any CPU.Deploy.0 = Release|Any CPU
	EndGlobalSection
	GlobalSection(SolutionProperties) = preSolution
		HideSolutionNode = FALSE
	EndGlobalSection
	GlobalSection(ExtensibilityGlobals) = postSolution
		SolutionGuid = {2B1F126A-110E-4A9E-A3CA-400FEFBF0959}
	EndGlobalSection
EndGlobal
